
Microsoft Visual Studio Solution File, Format Version 12.00
# Visual Studio Version 17
VisualStudioVersion = 17.11.35303.130
MinimumVisualStudioVersion = 10.0.40219.1
Project("{FAE04EC0-301F-11D3-BF4B-00C04F79EFBC}") = "LazyDI", "LazyDI\LazyDI.csproj", "{9170B464-4F4D-4A68-A59C-A68261F0E83D}"
EndProject
Global
	GlobalSection(SolutionConfigurationPlatforms) = preSolution
		Debug|Any CPU = Debug|Any CPU
		Release|Any CPU = Release|Any CPU
	EndGlobalSection
	GlobalSection(ProjectConfigurationPlatforms) = postSolution
		{9170B464-4F4D-4A68-A59C-A68261F0E83D}.Debug|Any CPU.ActiveCfg = Debug|Any CPU
		{9170B464-4F4D-4A68-A59C-A68261F0E83D}.Debug|Any CPU.Build.0 = Debug|Any CPU
		{9170B464-4F4D-4A68-A59C-A68261F0E83D}.Release|Any CPU.ActiveCfg = Release|Any CPU
		{9170B464-4F4D-4A68-A59C-A68261F0E83D}.Release|Any CPU.Build.0 = Release|Any CPU
	EndGlobalSection
	GlobalSection(SolutionProperties) = preSolution
		HideSolutionNode = FALSE
	EndGlobalSection
	GlobalSection(ExtensibilityGlobals) = postSolution
		SolutionGuid = {625FB6D4-E512-4B42-B04B-0A08A656CD16}
	EndGlobalSection
EndGlobal
